
Microsoft Visual Studio Solution File, Format Version 12.00
# Visual Studio Version 17
VisualStudioVersion = 17.14.36414.22 d17.14
MinimumVisualStudioVersion = 10.0.40219.1
Project("{FAE04EC0-301F-11D3-BF4B-00C04F79EFBC}") = "MVC in class example", "MVC in class example\MVC in class example.csproj", "{933EBE04-0841-42EB-BB5D-FE57EEAFED5D}"
EndProject
Global
	GlobalSection(SolutionConfigurationPlatforms) = preSolution
		Debug|Any CPU = Debug|Any CPU
		Release|Any CPU = Release|Any CPU
	EndGlobalSection
	GlobalSection(ProjectConfigurationPlatforms) = postSolution
		{933EBE04-0841-42EB-BB5D-FE57EEAFED5D}.Debug|Any CPU.ActiveCfg = Debug|Any CPU
		{933EBE04-0841-42EB-BB5D-FE57EEAFED5D}.Debug|Any CPU.Build.0 = Debug|Any CPU
		{933EBE04-0841-42EB-BB5D-FE57EEAFED5D}.Release|Any CPU.ActiveCfg = Release|Any CPU
		{933EBE04-0841-42EB-BB5D-FE57EEAFED5D}.Release|Any CPU.Build.0 = Release|Any CPU
	EndGlobalSection
	GlobalSection(SolutionProperties) = preSolution
		HideSolutionNode = FALSE
	EndGlobalSection
	GlobalSection(ExtensibilityGlobals) = postSolution
		SolutionGuid = {E7A98B70-42AF-4144-91E3-972B52930556}
	EndGlobalSection
EndGlobal
