
Microsoft Visual Studio Solution File, Format Version 12.00
# Visual Studio Version 17
VisualStudioVersion = 17.14.36414.22 d17.14
MinimumVisualStudioVersion = 10.0.40219.1
Project("{FAE04EC0-301F-11D3-BF4B-00C04F79EFBC}") = "MVC example", "MVC example\MVC example.csproj", "{512DB604-7E44-4778-BCCD-0EB15B6FA0A9}"
EndProject
Global
	GlobalSection(SolutionConfigurationPlatforms) = preSolution
		Debug|Any CPU = Debug|Any CPU
		Release|Any CPU = Release|Any CPU
	EndGlobalSection
	GlobalSection(ProjectConfigurationPlatforms) = postSolution
		{512DB604-7E44-4778-BCCD-0EB15B6FA0A9}.Debug|Any CPU.ActiveCfg = Debug|Any CPU
		{512DB604-7E44-4778-BCCD-0EB15B6FA0A9}.Debug|Any CPU.Build.0 = Debug|Any CPU
		{512DB604-7E44-4778-BCCD-0EB15B6FA0A9}.Release|Any CPU.ActiveCfg = Release|Any CPU
		{512DB604-7E44-4778-BCCD-0EB15B6FA0A9}.Release|Any CPU.Build.0 = Release|Any CPU
	EndGlobalSection
	GlobalSection(SolutionProperties) = preSolution
		HideSolutionNode = FALSE
	EndGlobalSection
	GlobalSection(ExtensibilityGlobals) = postSolution
		SolutionGuid = {6667B892-A69D-4D83-A269-25B4DBDFF18E}
	EndGlobalSection
EndGlobal
